# This file is automatically @generated by Cargo.
# It is not intended for manual editing.
version = 3

[[package]]
name = "fake-dev"
version = "0.1.0"
dependencies = [
 "filesystem",
 "hello-agent",
 "hello-go",
 "kernel-99_0",
 "migrations",
]

[[package]]
name = "filesystem"
version = "0.1.0"

[[package]]
name = "glibc"
version = "0.1.0"

[[package]]
name = "hello-agent"
version = "0.1.0"
dependencies = [
 "glibc",
]

[[package]]
name = "hello-go"
version = "0.1.0"
dependencies = [
 "glibc",
]

[[package]]
name = "kernel-99_0"
version = "0.1.0"

[[package]]
name = "migrations"
version = "0.1.0"
